// !$*UTF8*$!
{
	archiveVersion = 1;
	classes = {
	};
	objectVersion = 50;
	objects = {

/* Begin PBXBuildFile section */
		3AFE8E6022681AA0009F4911 /* AppDelegate.m in Sources */ = {isa = PBXBuildFile; fileRef = 3AFE8E5F22681AA0009F4911 /* AppDelegate.m */; };
		3AFE8E6322681AA0009F4911 /* ViewController.m in Sources */ = {isa = PBXBuildFile; fileRef = 3AFE8E6222681AA0009F4911 /* ViewController.m */; };
		3AFE8E6622681AA0009F4911 /* Main.storyboard in Resources */ = {isa = PBXBuildFile; fileRef = 3AFE8E6422681AA0009F4911 /* Main.storyboard */; };
		3AFE8E6822681AA2009F4911 /* Assets.xcassets in Resources */ = {isa = PBXBuildFile; fileRef = 3AFE8E6722681AA2009F4911 /* Assets.xcassets */; };
		3AFE8E6B22681AA2009F4911 /* LaunchScreen.storyboard in Resources */ = {isa = PBXBuildFile; fileRef = 3AFE8E6922681AA2009F4911 /* LaunchScreen.storyboard */; };
		3AFE8E6E22681AA2009F4911 /* main.m in Sources */ = {isa = PBXBuildFile; fileRef = 3AFE8E6D22681AA2009F4911 /* main.m */; };
		3AFE8E7622681BB0009F4911 /* HeaderView.m in Sources */ = {isa = PBXBuildFile; fileRef = 3AFE8E7522681BB0009F4911 /* HeaderView.m */; };
		3AFE8E7C22682145009F4911 /* ppImage.jpg in Resources */ = {isa = PBXBuildFile; fileRef = 3AFE8E7B22682145009F4911 /* ppImage.jpg */; };
		3AFE8E972268261C009F4911 /* NSLayoutConstraint+MASDebugAdditions.m in Sources */ = {isa = PBXBuildFile; fileRef = 3AFE8E7F2268261C009F4911 /* NSLayoutConstraint+MASDebugAdditions.m */; };
		3AFE8E982268261C009F4911 /* ViewController+MASAdditions.m in Sources */ = {isa = PBXBuildFile; fileRef = 3AFE8E882268261C009F4911 /* ViewController+MASAdditions.m */; };
		3AFE8E992268261C009F4911 /* MASCompositeConstraint.m in Sources */ = {isa = PBXBuildFile; fileRef = 3AFE8E8C2268261C009F4911 /* MASCompositeConstraint.m */; };
		3AFE8E9A2268261C009F4911 /* MASConstraintMaker.m in Sources */ = {isa = PBXBuildFile; fileRef = 3AFE8E8D2268261C009F4911 /* MASConstraintMaker.m */; };
		3AFE8E9B2268261C009F4911 /* MASLayoutConstraint.m in Sources */ = {isa = PBXBuildFile; fileRef = 3AFE8E8E2268261C009F4911 /* MASLayoutConstraint.m */; };
		3AFE8E9C2268261C009F4911 /* NSArray+MASAdditions.m in Sources */ = {isa = PBXBuildFile; fileRef = 3AFE8E8F2268261C009F4911 /* NSArray+MASAdditions.m */; };
		3AFE8E9D2268261C009F4911 /* View+MASAdditions.m in Sources */ = {isa = PBXBuildFile; fileRef = 3AFE8E902268261C009F4911 /* View+MASAdditions.m */; };
		3AFE8E9E2268261C009F4911 /* MASConstraint.m in Sources */ = {isa = PBXBuildFile; fileRef = 3AFE8E932268261C009F4911 /* MASConstraint.m */; };
		3AFE8E9F2268261C009F4911 /* MASViewConstraint.m in Sources */ = {isa = PBXBuildFile; fileRef = 3AFE8E952268261C009F4911 /* MASViewConstraint.m */; };
		3AFE8EA02268261C009F4911 /* MASViewAttribute.m in Sources */ = {isa = PBXBuildFile; fileRef = 3AFE8E962268261C009F4911 /* MASViewAttribute.m */; };
/* End PBXBuildFile section */

/* Begin PBXFileReference section */
		3AFE8E5B22681AA0009F4911 /* tableview下拉放大图片.app */ = {isa = PBXFileReference; explicitFileType = wrapper.application; includeInIndex = 0; path = "tableview下拉放大图片.app"; sourceTree = BUILT_PRODUCTS_DIR; };
		3AFE8E5E22681AA0009F4911 /* AppDelegate.h */ = {isa = PBXFileReference; lastKnownFileType = sourcecode.c.h; path = AppDelegate.h; sourceTree = "<group>"; };
		3AFE8E5F22681AA0009F4911 /* AppDelegate.m */ = {isa = PBXFileReference; lastKnownFileType = sourcecode.c.objc; path = AppDelegate.m; sourceTree = "<group>"; };
		3AFE8E6122681AA0009F4911 /* ViewController.h */ = {isa = PBXFileReference; lastKnownFileType = sourcecode.c.h; path = ViewController.h; sourceTree = "<group>"; };
		3AFE8E6222681AA0009F4911 /* ViewController.m */ = {isa = PBXFileReference; lastKnownFileType = sourcecode.c.objc; path = ViewController.m; sourceTree = "<group>"; };
		3AFE8E6522681AA0009F4911 /* Base */ = {isa = PBXFileReference; lastKnownFileType = file.storyboard; name = Base; path = Base.lproj/Main.storyboard; sourceTree = "<group>"; };
		3AFE8E6722681AA2009F4911 /* Assets.xcassets */ = {isa = PBXFileReference; lastKnownFileType = folder.assetcatalog; path = Assets.xcassets; sourceTree = "<group>"; };
		3AFE8E6A22681AA2009F4911 /* Base */ = {isa = PBXFileReference; lastKnownFileType = file.storyboard; name = Base; path = Base.lproj/LaunchScreen.storyboard; sourceTree = "<group>"; };
		3AFE8E6C22681AA2009F4911 /* Info.plist */ = {isa = PBXFileReference; lastKnownFileType = text.plist.xml; path = Info.plist; sourceTree = "<group>"; };
		3AFE8E6D22681AA2009F4911 /* main.m */ = {isa = PBXFileReference; lastKnownFileType = sourcecode.c.objc; path = main.m; sourceTree = "<group>"; };
		3AFE8E7422681BB0009F4911 /* HeaderView.h */ = {isa = PBXFileReference; lastKnownFileType = sourcecode.c.h; path = HeaderView.h; sourceTree = "<group>"; };
		3AFE8E7522681BB0009F4911 /* HeaderView.m */ = {isa = PBXFileReference; lastKnownFileType = sourcecode.c.objc; path = HeaderView.m; sourceTree = "<group>"; };
		3AFE8E7B22682145009F4911 /* ppImage.jpg */ = {isa = PBXFileReference; lastKnownFileType = image.jpeg; path = ppImage.jpg; sourceTree = "<group>"; };
		3AFE8E7E2268261C009F4911 /* MASCompositeConstraint.h */ = {isa = PBXFileReference; fileEncoding = 4; lastKnownFileType = sourcecode.c.h; path = MASCompositeConstraint.h; sourceTree = "<group>"; };
		3AFE8E7F2268261C009F4911 /* NSLayoutConstraint+MASDebugAdditions.m */ = {isa = PBXFileReference; fileEncoding = 4; lastKnownFileType = sourcecode.c.objc; path = "NSLayoutConstraint+MASDebugAdditions.m"; sourceTree = "<group>"; };
		3AFE8E802268261C009F4911 /* MASConstraint+Private.h */ = {isa = PBXFileReference; fileEncoding = 4; lastKnownFileType = sourcecode.c.h; path = "MASConstraint+Private.h"; sourceTree = "<group>"; };
		3AFE8E812268261C009F4911 /* MASLayoutConstraint.h */ = {isa = PBXFileReference; fileEncoding = 4; lastKnownFileType = sourcecode.c.h; path = MASLayoutConstraint.h; sourceTree = "<group>"; };
		3AFE8E822268261C009F4911 /* NSArray+MASShorthandAdditions.h */ = {isa = PBXFileReference; fileEncoding = 4; lastKnownFileType = sourcecode.c.h; path = "NSArray+MASShorthandAdditions.h"; sourceTree = "<group>"; };
		3AFE8E832268261C009F4911 /* MASConstraintMaker.h */ = {isa = PBXFileReference; fileEncoding = 4; lastKnownFileType = sourcecode.c.h; path = MASConstraintMaker.h; sourceTree = "<group>"; };
		3AFE8E842268261C009F4911 /* View+MASAdditions.h */ = {isa = PBXFileReference; fileEncoding = 4; lastKnownFileType = sourcecode.c.h; path = "View+MASAdditions.h"; sourceTree = "<group>"; };
		3AFE8E852268261C009F4911 /* NSArray+MASAdditions.h */ = {isa = PBXFileReference; fileEncoding = 4; lastKnownFileType = sourcecode.c.h; path = "NSArray+MASAdditions.h"; sourceTree = "<group>"; };
		3AFE8E862268261C009F4911 /* MASUtilities.h */ = {isa = PBXFileReference; fileEncoding = 4; lastKnownFileType = sourcecode.c.h; path = MASUtilities.h; sourceTree = "<group>"; };
		3AFE8E872268261C009F4911 /* MASViewAttribute.h */ = {isa = PBXFileReference; fileEncoding = 4; lastKnownFileType = sourcecode.c.h; path = MASViewAttribute.h; sourceTree = "<group>"; };
		3AFE8E882268261C009F4911 /* ViewController+MASAdditions.m */ = {isa = PBXFileReference; fileEncoding = 4; lastKnownFileType = sourcecode.c.objc; path = "ViewController+MASAdditions.m"; sourceTree = "<group>"; };
		3AFE8E892268261C009F4911 /* MASViewConstraint.h */ = {isa = PBXFileReference; fileEncoding = 4; lastKnownFileType = sourcecode.c.h; path = MASViewConstraint.h; sourceTree = "<group>"; };
		3AFE8E8A2268261C009F4911 /* MASConstraint.h */ = {isa = PBXFileReference; fileEncoding = 4; lastKnownFileType = sourcecode.c.h; path = MASConstraint.h; sourceTree = "<group>"; };
		3AFE8E8B2268261C009F4911 /* NSLayoutConstraint+MASDebugAdditions.h */ = {isa = PBXFileReference; fileEncoding = 4; lastKnownFileType = sourcecode.c.h; path = "NSLayoutConstraint+MASDebugAdditions.h"; sourceTree = "<group>"; };
		3AFE8E8C2268261C009F4911 /* MASCompositeConstraint.m */ = {isa = PBXFileReference; fileEncoding = 4; lastKnownFileType = sourcecode.c.objc; path = MASCompositeConstraint.m; sourceTree = "<group>"; };
		3AFE8E8D2268261C009F4911 /* MASConstraintMaker.m */ = {isa = PBXFileReference; fileEncoding = 4; lastKnownFileType = sourcecode.c.objc; path = MASConstraintMaker.m; sourceTree = "<group>"; };
		3AFE8E8E2268261C009F4911 /* MASLayoutConstraint.m */ = {isa = PBXFileReference; fileEncoding = 4; lastKnownFileType = sourcecode.c.objc; path = MASLayoutConstraint.m; sourceTree = "<group>"; };
		3AFE8E8F2268261C009F4911 /* NSArray+MASAdditions.m */ = {isa = PBXFileReference; fileEncoding = 4; lastKnownFileType = sourcecode.c.objc; path = "NSArray+MASAdditions.m"; sourceTree = "<group>"; };
		3AFE8E902268261C009F4911 /* View+MASAdditions.m */ = {isa = PBXFileReference; fileEncoding = 4; lastKnownFileType = sourcecode.c.objc; path = "View+MASAdditions.m"; sourceTree = "<group>"; };
		3AFE8E912268261C009F4911 /* View+MASShorthandAdditions.h */ = {isa = PBXFileReference; fileEncoding = 4; lastKnownFileType = sourcecode.c.h; path = "View+MASShorthandAdditions.h"; sourceTree = "<group>"; };
		3AFE8E922268261C009F4911 /* Masonry.h */ = {isa = PBXFileReference; fileEncoding = 4; lastKnownFileType = sourcecode.c.h; path = Masonry.h; sourceTree = "<group>"; };
		3AFE8E932268261C009F4911 /* MASConstraint.m */ = {isa = PBXFileReference; fileEncoding = 4; lastKnownFileType = sourcecode.c.objc; path = MASConstraint.m; sourceTree = "<group>"; };
		3AFE8E942268261C009F4911 /* ViewController+MASAdditions.h */ = {isa = PBXFileReference; fileEncoding = 4; lastKnownFileType = sourcecode.c.h; path = "ViewController+MASAdditions.h"; sourceTree = "<group>"; };
		3AFE8E952268261C009F4911 /* MASViewConstraint.m */ = {isa = PBXFileReference; fileEncoding = 4; lastKnownFileType = sourcecode.c.objc; path = MASViewConstraint.m; sourceTree = "<group>"; };
		3AFE8E962268261C009F4911 /* MASViewAttribute.m */ = {isa = PBXFileReference; fileEncoding = 4; lastKnownFileType = sourcecode.c.objc; path = MASViewAttribute.m; sourceTree = "<group>"; };
/* End PBXFileReference section */

/* Begin PBXFrameworksBuildPhase section */
		3AFE8E5822681AA0009F4911 /* Frameworks */ = {
			isa = PBXFrameworksBuildPhase;
			buildActionMask = 2147483647;
			files = (
			);
			runOnlyForDeploymentPostprocessing = 0;
		};
/* End PBXFrameworksBuildPhase section */

/* Begin PBXGroup section */
		3AFE8E5222681AA0009F4911 = {
			isa = PBXGroup;
			children = (
				3AFE8E5D22681AA0009F4911 /* tableview下拉放大图片 */,
				3AFE8E5C22681AA0009F4911 /* Products */,
			);
			sourceTree = "<group>";
		};
		3AFE8E5C22681AA0009F4911 /* Products */ = {
			isa = PBXGroup;
			children = (
				3AFE8E5B22681AA0009F4911 /* tableview下拉放大图片.app */,
			);
			name = Products;
			sourceTree = "<group>";
		};
		3AFE8E5D22681AA0009F4911 /* tableview下拉放大图片 */ = {
			isa = PBXGroup;
			children = (
				3AFE8E5E22681AA0009F4911 /* AppDelegate.h */,
				3AFE8E5F22681AA0009F4911 /* AppDelegate.m */,
				3AFE8E6122681AA0009F4911 /* ViewController.h */,
				3AFE8E6222681AA0009F4911 /* ViewController.m */,
				3AFE8E7422681BB0009F4911 /* HeaderView.h */,
				3AFE8E7522681BB0009F4911 /* HeaderView.m */,
				3AFE8E6422681AA0009F4911 /* Main.storyboard */,
				3AFE8E7B22682145009F4911 /* ppImage.jpg */,
				3AFE8E7D2268261C009F4911 /* Masonry */,
				3AFE8E6722681AA2009F4911 /* Assets.xcassets */,
				3AFE8E6922681AA2009F4911 /* LaunchScreen.storyboard */,
				3AFE8E6C22681AA2009F4911 /* Info.plist */,
				3AFE8E6D22681AA2009F4911 /* main.m */,
			);
			path = "tableview下拉放大图片";
			sourceTree = "<group>";
		};
		3AFE8E7D2268261C009F4911 /* Masonry */ = {
			isa = PBXGroup;
			children = (
				3AFE8E7E2268261C009F4911 /* MASCompositeConstraint.h */,
				3AFE8E7F2268261C009F4911 /* NSLayoutConstraint+MASDebugAdditions.m */,
				3AFE8E802268261C009F4911 /* MASConstraint+Private.h */,
				3AFE8E812268261C009F4911 /* MASLayoutConstraint.h */,
				3AFE8E822268261C009F4911 /* NSArray+MASShorthandAdditions.h */,
				3AFE8E832268261C009F4911 /* MASConstraintMaker.h */,
				3AFE8E842268261C009F4911 /* View+MASAdditions.h */,
				3AFE8E852268261C009F4911 /* NSArray+MASAdditions.h */,
				3AFE8E862268261C009F4911 /* MASUtilities.h */,
				3AFE8E872268261C009F4911 /* MASViewAttribute.h */,
				3AFE8E882268261C009F4911 /* ViewController+MASAdditions.m */,
				3AFE8E892268261C009F4911 /* MASViewConstraint.h */,
				3AFE8E8A2268261C009F4911 /* MASConstraint.h */,
				3AFE8E8B2268261C009F4911 /* NSLayoutConstraint+MASDebugAdditions.h */,
				3AFE8E8C2268261C009F4911 /* MASCompositeConstraint.m */,
				3AFE8E8D2268261C009F4911 /* MASConstraintMaker.m */,
				3AFE8E8E2268261C009F4911 /* MASLayoutConstraint.m */,
				3AFE8E8F2268261C009F4911 /* NSArray+MASAdditions.m */,
				3AFE8E902268261C009F4911 /* View+MASAdditions.m */,
				3AFE8E912268261C009F4911 /* View+MASShorthandAdditions.h */,
				3AFE8E922268261C009F4911 /* Masonry.h */,
				3AFE8E932268261C009F4911 /* MASConstraint.m */,
				3AFE8E942268261C009F4911 /* ViewController+MASAdditions.h */,
				3AFE8E952268261C009F4911 /* MASViewConstraint.m */,
				3AFE8E962268261C009F4911 /* MASViewAttribute.m */,
			);
			path = Masonry;
			sourceTree = "<group>";
		};
/* End PBXGroup section */

/* Begin PBXNativeTarget section */
		3AFE8E5A22681AA0009F4911 /* tableview下拉放大图片 */ = {
			isa = PBXNativeTarget;
			buildConfigurationList = 3AFE8E7122681AA2009F4911 /* Build configuration list for PBXNativeTarget "tableview下拉放大图片" */;
			buildPhases = (
				3AFE8E5722681AA0009F4911 /* Sources */,
				3AFE8E5822681AA0009F4911 /* Frameworks */,
				3AFE8E5922681AA0009F4911 /* Resources */,
			);
			buildRules = (
			);
			dependencies = (
			);
			name = "tableview下拉放大图片";
			productName = "tableview下拉放大图片";
			productReference = 3AFE8E5B22681AA0009F4911 /* tableview下拉放大图片.app */;
			productType = "com.apple.product-type.application";
		};
/* End PBXNativeTarget section */

/* Begin PBXProject section */
		3AFE8E5322681AA0009F4911 /* Project object */ = {
			isa = PBXProject;
			attributes = {
				LastUpgradeCheck = 1020;
				ORGANIZATIONNAME = zz;
				TargetAttributes = {
					3AFE8E5A22681AA0009F4911 = {
						CreatedOnToolsVersion = 10.2;
					};
				};
			};
			buildConfigurationList = 3AFE8E5622681AA0009F4911 /* Build configuration list for PBXProject "tableview下拉放大图片" */;
			compatibilityVersion = "Xcode 9.3";
			developmentRegion = en;
			hasScannedForEncodings = 0;
			knownRegions = (
				en,
				Base,
			);
			mainGroup = 3AFE8E5222681AA0009F4911;
			productRefGroup = 3AFE8E5C22681AA0009F4911 /* Products */;
			projectDirPath = "";
			projectRoot = "";
			targets = (
				3AFE8E5A22681AA0009F4911 /* tableview下拉放大图片 */,
			);
		};
/* End PBXProject section */

/* Begin PBXResourcesBuildPhase section */
		3AFE8E5922681AA0009F4911 /* Resources */ = {
			isa = PBXResourcesBuildPhase;
			buildActionMask = 2147483647;
			files = (
				3AFE8E7C22682145009F4911 /* ppImage.jpg in Resources */,
				3AFE8E6B22681AA2009F4911 /* LaunchScreen.storyboard in Resources */,
				3AFE8E6822681AA2009F4911 /* Assets.xcassets in Resources */,
				3AFE8E6622681AA0009F4911 /* Main.storyboard in Resources */,
			);
			runOnlyForDeploymentPostprocessing = 0;
		};
/* End PBXResourcesBuildPhase section */

/* Begin PBXSourcesBuildPhase section */
		3AFE8E5722681AA0009F4911 /* Sources */ = {
			isa = PBXSourcesBuildPhase;
			buildActionMask = 2147483647;
			files = (
				3AFE8E9F2268261C009F4911 /* MASViewConstraint.m in Sources */,
				3AFE8EA02268261C009F4911 /* MASViewAttribute.m in Sources */,
				3AFE8E6322681AA0009F4911 /* ViewController.m in Sources */,
				3AFE8E6E22681AA2009F4911 /* main.m in Sources */,
				3AFE8E9C2268261C009F4911 /* NSArray+MASAdditions.m in Sources */,
				3AFE8E982268261C009F4911 /* ViewController+MASAdditions.m in Sources */,
				3AFE8E992268261C009F4911 /* MASCompositeConstraint.m in Sources */,
				3AFE8E6022681AA0009F4911 /* AppDelegate.m in Sources */,
				3AFE8E9D2268261C009F4911 /* View+MASAdditions.m in Sources */,
				3AFE8E9A2268261C009F4911 /* MASConstraintMaker.m in Sources */,
				3AFE8E9E2268261C009F4911 /* MASConstraint.m in Sources */,
				3AFE8E972268261C009F4911 /* NSLayoutConstraint+MASDebugAdditions.m in Sources */,
				3AFE8E9B2268261C009F4911 /* MASLayoutConstraint.m in Sources */,
				3AFE8E7622681BB0009F4911 /* HeaderView.m in Sources */,
			);
			runOnlyForDeploymentPostprocessing = 0;
		};
/* End PBXSourcesBuildPhase section */

/* Begin PBXVariantGroup section */
		3AFE8E6422681AA0009F4911 /* Main.storyboard */ = {
			isa = PBXVariantGroup;
			children = (
				3AFE8E6522681AA0009F4911 /* Base */,
			);
			name = Main.storyboard;
			sourceTree = "<group>";
		};
		3AFE8E6922681AA2009F4911 /* LaunchScreen.storyboard */ = {
			isa = PBXVariantGroup;
			children = (
				3AFE8E6A22681AA2009F4911 /* Base */,
			);
			name = LaunchScreen.storyboard;
			sourceTree = "<group>";
		};
/* End PBXVariantGroup section */

/* Begin XCBuildConfiguration section */
		3AFE8E6F22681AA2009F4911 /* Debug */ = {
			isa = XCBuildConfiguration;
			buildSettings = {
				ALWAYS_SEARCH_USER_PATHS = NO;
				CLANG_ANALYZER_NONNULL = YES;
				CLANG_ANALYZER_NUMBER_OBJECT_CONVERSION = YES_AGGRESSIVE;
				CLANG_CXX_LANGUAGE_STANDARD = "gnu++14";
				CLANG_CXX_LIBRARY = "libc++";
				CLANG_ENABLE_MODULES = YES;
				CLANG_ENABLE_OBJC_ARC = YES;
				CLANG_ENABLE_OBJC_WEAK = YES;
				CLANG_WARN_BLOCK_CAPTURE_AUTORELEASING = YES;
				CLANG_WARN_BOOL_CONVERSION = YES;
				CLANG_WARN_COMMA = YES;
				CLANG_WARN_CONSTANT_CONVERSION = YES;
				CLANG_WARN_DEPRECATED_OBJC_IMPLEMENTATIONS = YES;
				CLANG_WARN_DIRECT_OBJC_ISA_USAGE = YES_ERROR;
				CLANG_WARN_DOCUMENTATION_COMMENTS = YES;
				CLANG_WARN_EMPTY_BODY = YES;
				CLANG_WARN_ENUM_CONVERSION = YES;
				CLANG_WARN_INFINITE_RECURSION = YES;
				CLANG_WARN_INT_CONVERSION = YES;
				CLANG_WARN_NON_LITERAL_NULL_CONVERSION = YES;
				CLANG_WARN_OBJC_IMPLICIT_RETAIN_SELF = YES;
				CLANG_WARN_OBJC_LITERAL_CONVERSION = YES;
				CLANG_WARN_OBJC_ROOT_CLASS = YES_ERROR;
				CLANG_WARN_RANGE_LOOP_ANALYSIS = YES;
				CLANG_WARN_STRICT_PROTOTYPES = YES;
				CLANG_WARN_SUSPICIOUS_MOVE = YES;
				CLANG_WARN_UNGUARDED_AVAILABILITY = YES_AGGRESSIVE;
				CLANG_WARN_UNREACHABLE_CODE = YES;
				CLANG_WARN__DUPLICATE_METHOD_MATCH = YES;
				CODE_SIGN_IDENTITY = "iPhone Developer";
				COPY_PHASE_STRIP = NO;
				DEBUG_INFORMATION_FORMAT = dwarf;
				ENABLE_STRICT_OBJC_MSGSEND = YES;
				ENABLE_TESTABILITY = YES;
				GCC_C_LANGUAGE_STANDARD = gnu11;
				GCC_DYNAMIC_NO_PIC = NO;
				GCC_NO_COMMON_BLOCKS = YES;
				GCC_OPTIMIZATION_LEVEL = 0;
				GCC_PREPROCESSOR_DEFINITIONS = (
					"DEBUG=1",
					"$(inherited)",
				);
				GCC_WARN_64_TO_32_BIT_CONVERSION = YES;
				GCC_WARN_ABOUT_RETURN_TYPE = YES_ERROR;
				GCC_WARN_UNDECLARED_SELECTOR = YES;
				GCC_WARN_UNINITIALIZED_AUTOS = YES_AGGRESSIVE;
				GCC_WARN_UNUSED_FUNCTION = YES;
				GCC_WARN_UNUSED_VARIABLE = YES;
				IPHONEOS_DEPLOYMENT_TARGET = 12.2;
				MTL_ENABLE_DEBUG_INFO = INCLUDE_SOURCE;
				MTL_FAST_MATH = YES;
				ONLY_ACTIVE_ARCH = YES;
				SDKROOT = iphoneos;
			};
			name = Debug;
		};
		3AFE8E7022681AA2009F4911 /* Release */ = {
			isa = XCBuildConfiguration;
			buildSettings = {
				ALWAYS_SEARCH_USER_PATHS = NO;
				CLANG_ANALYZER_NONNULL = YES;
				CLANG_ANALYZER_NUMBER_OBJECT_CONVERSION = YES_AGGRESSIVE;
				CLANG_CXX_LANGUAGE_STANDARD = "gnu++14";
				CLANG_CXX_LIBRARY = "libc++";
				CLANG_ENABLE_MODULES = YES;
				CLANG_ENABLE_OBJC_ARC = YES;
				CLANG_ENABLE_OBJC_WEAK = YES;
				CLANG_WARN_BLOCK_CAPTURE_AUTORELEASING = YES;
				CLANG_WARN_BOOL_CONVERSION = YES;
				CLANG_WARN_COMMA = YES;
				CLANG_WARN_CONSTANT_CONVERSION = YES;
				CLANG_WARN_DEPRECATED_OBJC_IMPLEMENTATIONS = YES;
				CLANG_WARN_DIRECT_OBJC_ISA_USAGE = YES_ERROR;
				CLANG_WARN_DOCUMENTATION_COMMENTS = YES;
				CLANG_WARN_EMPTY_BODY = YES;
				CLANG_WARN_ENUM_CONVERSION = YES;
				CLANG_WARN_INFINITE_RECURSION = YES;
				CLANG_WARN_INT_CONVERSION = YES;
				CLANG_WARN_NON_LITERAL_NULL_CONVERSION = YES;
				CLANG_WARN_OBJC_IMPLICIT_RETAIN_SELF = YES;
				CLANG_WARN_OBJC_LITERAL_CONVERSION = YES;
				CLANG_WARN_OBJC_ROOT_CLASS = YES_ERROR;
				CLANG_WARN_RANGE_LOOP_ANALYSIS = YES;
				CLANG_WARN_STRICT_PROTOTYPES = YES;
				CLANG_WARN_SUSPICIOUS_MOVE = YES;
				CLANG_WARN_UNGUARDED_AVAILABILITY = YES_AGGRESSIVE;
				CLANG_WARN_UNREACHABLE_CODE = YES;
				CLANG_WARN__DUPLICATE_METHOD_MATCH = YES;
				CODE_SIGN_IDENTITY = "iPhone Developer";
				COPY_PHASE_STRIP = NO;
				DEBUG_INFORMATION_FORMAT = "dwarf-with-dsym";
				ENABLE_NS_ASSERTIONS = NO;
				ENABLE_STRICT_OBJC_MSGSEND = YES;
				GCC_C_LANGUAGE_STANDARD = gnu11;
				GCC_NO_COMMON_BLOCKS = YES;
				GCC_WARN_64_TO_32_BIT_CONVERSION = YES;
				GCC_WARN_ABOUT_RETURN_TYPE = YES_ERROR;
				GCC_WARN_UNDECLARED_SELECTOR = YES;
				GCC_WARN_UNINITIALIZED_AUTOS = YES_AGGRESSIVE;
				GCC_WARN_UNUSED_FUNCTION = YES;
				GCC_WARN_UNUSED_VARIABLE = YES;
				IPHONEOS_DEPLOYMENT_TARGET = 12.2;
				MTL_ENABLE_DEBUG_INFO = NO;
				MTL_FAST_MATH = YES;
				SDKROOT = iphoneos;
				VALIDATE_PRODUCT = YES;
			};
			name = Release;
		};
		3AFE8E7222681AA2009F4911 /* Debug */ = {
			isa = XCBuildConfiguration;
			buildSettings = {
				ASSETCATALOG_COMPILER_APPICON_NAME = AppIcon;
				CODE_SIGN_STYLE = Automatic;
				DEVELOPMENT_TEAM = QWLC6J7HG2;
				INFOPLIST_FILE = "tableview下拉放大图片/Info.plist";
				LD_RUNPATH_SEARCH_PATHS = (
					"$(inherited)",
					"@executable_path/Frameworks",
				);
				PRODUCT_BUNDLE_IDENTIFIER = "com.xxtableview------";
				PRODUCT_NAME = "$(TARGET_NAME)";
				TARGETED_DEVICE_FAMILY = "1,2";
			};
			name = Debug;
		};
		3AFE8E7322681AA2009F4911 /* Release */ = {
			isa = XCBuildConfiguration;
			buildSettings = {
				ASSETCATALOG_COMPILER_APPICON_NAME = AppIcon;
				CODE_SIGN_STYLE = Automatic;
				DEVELOPMENT_TEAM = QWLC6J7HG2;
				INFOPLIST_FILE = "tableview下拉放大图片/Info.plist";
				LD_RUNPATH_SEARCH_PATHS = (
					"$(inherited)",
					"@executable_path/Frameworks",
				);
				PRODUCT_BUNDLE_IDENTIFIER = "com.xxtableview------";
				PRODUCT_NAME = "$(TARGET_NAME)";
				TARGETED_DEVICE_FAMILY = "1,2";
			};
			name = Release;
		};
/* End XCBuildConfiguration section */

/* Begin XCConfigurationList section */
		3AFE8E5622681AA0009F4911 /* Build configuration list for PBXProject "tableview下拉放大图片" */ = {
			isa = XCConfigurationList;
			buildConfigurations = (
				3AFE8E6F22681AA2009F4911 /* Debug */,
				3AFE8E7022681AA2009F4911 /* Release */,
			);
			defaultConfigurationIsVisible = 0;
			defaultConfigurationName = Release;
		};
		3AFE8E7122681AA2009F4911 /* Build configuration list for PBXNativeTarget "tableview下拉放大图片" */ = {
			isa = XCConfigurationList;
			buildConfigurations = (
				3AFE8E7222681AA2009F4911 /* Debug */,
				3AFE8E7322681AA2009F4911 /* Release */,
			);
			defaultConfigurationIsVisible = 0;
			defaultConfigurationName = Release;
		};
/* End XCConfigurationList section */
	};
	rootObject = 3AFE8E5322681AA0009F4911 /* Project object */;
}
